
Microsoft Visual Studio Solution File, Format Version 12.00
# Visual Studio Version 16
VisualStudioVersion = 16.0.31005.135
MinimumVisualStudioVersion = 10.0.40219.1
Project("{FAE04EC0-301F-11D3-BF4B-00C04F79EFBC}") = "serMaintenance", "serMaintenance\serMaintenance.csproj", "{7F331532-0BE1-4D55-BAAA-2FA5DCD5A97F}"
EndProject
Global
	GlobalSection(SolutionConfigurationPlatforms) = preSolution
		Debug|Any CPU = Debug|Any CPU
		Release|Any CPU = Release|Any CPU
	EndGlobalSection
	GlobalSection(ProjectConfigurationPlatforms) = postSolution
		{7F331532-0BE1-4D55-BAAA-2FA5DCD5A97F}.Debug|Any CPU.ActiveCfg = Debug|Any CPU
		{7F331532-0BE1-4D55-BAAA-2FA5DCD5A97F}.Debug|Any CPU.Build.0 = Debug|Any CPU
		{7F331532-0BE1-4D55-BAAA-2FA5DCD5A97F}.Release|Any CPU.ActiveCfg = Release|Any CPU
		{7F331532-0BE1-4D55-BAAA-2FA5DCD5A97F}.Release|Any CPU.Build.0 = Release|Any CPU
	EndGlobalSection
	GlobalSection(SolutionProperties) = preSolution
		HideSolutionNode = FALSE
	EndGlobalSection
	GlobalSection(ExtensibilityGlobals) = postSolution
		SolutionGuid = {BF8D6CA8-13E9-40E4-B92A-48BECB443B93}
	EndGlobalSection
EndGlobal
